
Microsoft Visual Studio Solution File, Format Version 12.00
# Visual Studio Version 17
VisualStudioVersion = 17.5.33424.131
MinimumVisualStudioVersion = 10.0.40219.1
Project("{FAE04EC0-301F-11D3-BF4B-00C04F79EFBC}") = "ConsoleApp1", "ConsoleApp1\ConsoleApp1.csproj", "{CC8F5A9F-F670-47CE-A8C4-1C2B16063D7C}"
EndProject
Global
	GlobalSection(SolutionConfigurationPlatforms) = preSolution
		Debug|Any CPU = Debug|Any CPU
		Release|Any CPU = Release|Any CPU
	EndGlobalSection
	GlobalSection(ProjectConfigurationPlatforms) = postSolution
		{CC8F5A9F-F670-47CE-A8C4-1C2B16063D7C}.Debug|Any CPU.ActiveCfg = Debug|Any CPU
		{CC8F5A9F-F670-47CE-A8C4-1C2B16063D7C}.Debug|Any CPU.Build.0 = Debug|Any CPU
		{CC8F5A9F-F670-47CE-A8C4-1C2B16063D7C}.Release|Any CPU.ActiveCfg = Release|Any CPU
		{CC8F5A9F-F670-47CE-A8C4-1C2B16063D7C}.Release|Any CPU.Build.0 = Release|Any CPU
	EndGlobalSection
	GlobalSection(SolutionProperties) = preSolution
		HideSolutionNode = FALSE
	EndGlobalSection
	GlobalSection(ExtensibilityGlobals) = postSolution
		SolutionGuid = {88BDB6E3-2C83-4C39-ACA6-0B5A4E942E16}
	EndGlobalSection
EndGlobal
